PODS:
  - Flutter (1.0.0)
  - MMKV (1.2.7):
    - MMKVCore (~> 1.2.7)
  - mmkv_storage (0.0.1):
    - Flutter
    - MMKV
  - MMKVCore (1.2.7)

DEPENDENCIES:
  - Flutter (from `Flutter`)
  - mmkv_storage (from `.symlinks/plugins/mmkv_storage/ios`)

SPEC REPOS:
  trunk:
    - MMKV
    - MMKVCore

EXTERNAL SOURCES:
  Flutter:
    :path: Flutter
  mmkv_storage:
    :path: ".symlinks/plugins/mmkv_storage/ios"

SPEC CHECKSUMS:
  Flutter: 434fef37c0980e73bb6479ef766c45957d4b510c
  MMKV: 22e5136f7d00197bc0fc9694b7f71519f0d1ca12
  mmkv_storage: efffc41546d3cf43bbe50876634038e58f650752
  MMKVCore: 607b7b05f2c2140056b5d338e45f2c14bf3f4232

PODFILE CHECKSUM: a75497545d4391e2d394c3668e20cfb1c2bbd4aa

COCOAPODS: 1.10.1
